<?xml version="1.0" encoding="utf-8"?>
<Project ToolsVersion="4.0" xmlns="http://schemas.microsoft.com/developer/msbuild/2003">
  <ItemGroup>
    <Filter Include="Source Files">
      <UniqueIdentifier>{4FC737F1-C7A5-4376-A066-2A32D752A2FF}</UniqueIdentifier>
      <Extensions>cpp;c;cc;cxx;def;odl;idl;hpj;bat;asm;asmx</Extensions>
    </Filter>
    <Filter Include="Header Files">
      <UniqueIdentifier>{93995380-89BD-4b04-88EB-625FBE52EBFB}</UniqueIdentifier>
      <Extensions>h;hh;hpp;hxx;hm;inl;inc;xsd</Extensions>
    </Filter>
    <Filter Include="Resource Files">
      <UniqueIdentifier>{67DA6AB6-F800-4c08-8B7A-83BB121AAD01}</UniqueIdentifier>
      <Extensions>rc;ico;cur;bmp;dlg;rc2;rct;bin;rgs;gif;jpg;jpeg;jpe;resx;tiff;tif;png;wav;mfcribbon-ms</Extensions>
    </Filter>
    <Filter Include="Source Files\MFC">
      <UniqueIdentifier>{b8aeba40-d5b0-400f-919f-a9617d2614e8}</UniqueIdentifier>
    </Filter>
    <Filter Include="Source Files\MFC\Main">
      <UniqueIdentifier>{18ad8f60-abbb-4d6e-8acd-33b04657301d}</UniqueIdentifier>
    </Filter>
    <Filter Include="Source Files\MFC\View">
      <UniqueIdentifier>{f5f45ae7-3243-493e-9236-902b87a0cf38}</UniqueIdentifier>
    </Filter>
    <Filter Include="Source Files\MFC\Widget">
      <UniqueIdentifier>{a8f7cbb6-4220-4fb1-ad89-94ee29a07356}</UniqueIdentifier>
    </Filter>
    <Filter Include="Header Files\MFC">
      <UniqueIdentifier>{42411838-93d4-445c-bd52-8d767b581900}</UniqueIdentifier>
    </Filter>
    <Filter Include="Header Files\MFC\Main">
      <UniqueIdentifier>{01f28b32-b3cc-4a90-b324-f2c9b2402247}</UniqueIdentifier>
    </Filter>
    <Filter Include="Header Files\MFC\Widget">
      <UniqueIdentifier>{bb5404ad-96f9-4894-892f-b27b8c6961fe}</UniqueIdentifier>
    </Filter>
    <Filter Include="Source Files\Util">
      <UniqueIdentifier>{cc13fa23-fc79-4f00-b589-f399bb03d987}</UniqueIdentifier>
    </Filter>
    <Filter Include="Header Files\Util">
      <UniqueIdentifier>{b90d0b0b-ede4-4ce3-8bbb-c641a97adec9}</UniqueIdentifier>
    </Filter>
  </ItemGroup>
  <ItemGroup>
    <ClCompile Include="ErrDialog.cpp">
      <Filter>Source Files\MFC\Widget</Filter>
    </ClCompile>
    <ClCompile Include="MFCBlockEdit.cpp">
      <Filter>Source Files\MFC\Widget</Filter>
    </ClCompile>
    <ClCompile Include="MFCClipListView.cpp">
      <Filter>Source Files\MFC\Widget</Filter>
    </ClCompile>
    <ClCompile Include="MFCDeviceSelector.cpp">
      <Filter>Source Files\MFC\Widget</Filter>
    </ClCompile>
    <ClCompile Include="MFCQuaButton.cpp">
      <Filter>Source Files\MFC\Widget</Filter>
    </ClCompile>
    <ClCompile Include="MFCQuaFloatCtrl.cpp">
      <Filter>Source Files\MFC\Widget</Filter>
    </ClCompile>
    <ClCompile Include="MFCQuaIntCtrl.cpp">
      <Filter>Source Files\MFC\Widget</Filter>
    </ClCompile>
    <ClCompile Include="MFCQuaListBox.cpp">
      <Filter>Source Files\MFC\Widget</Filter>
    </ClCompile>
    <ClCompile Include="MFCQuaRotor.cpp">
      <Filter>Source Files\MFC\Widget</Filter>
    </ClCompile>
    <ClCompile Include="MFCQuaStateDisplay.cpp">
      <Filter>Source Files\MFC\Widget</Filter>
    </ClCompile>
    <ClCompile Include="MFCQuaTextCtrl.cpp">
      <Filter>Source Files\MFC\Widget</Filter>
    </ClCompile>
    <ClCompile Include="MFCQuaTimeCtrl.cpp">
      <Filter>Source Files\MFC\Widget</Filter>
    </ClCompile>
    <ClCompile Include="MFCSampleDataEditor.cpp">
      <Filter>Source Files\MFC\Widget</Filter>
    </ClCompile>
    <ClCompile Include="MFCSimpleTypeView.cpp">
      <Filter>Source Files\MFC\Widget</Filter>
    </ClCompile>
    <ClCompile Include="MFCStreamDataEditor.cpp">
      <Filter>Source Files\MFC\Widget</Filter>
    </ClCompile>
    <ClCompile Include="MFCTakeListView.cpp">
      <Filter>Source Files\MFC\Widget</Filter>
    </ClCompile>
    <ClCompile Include="QuaDrop.cpp">
      <Filter>Source Files\MFC\Widget</Filter>
    </ClCompile>
    <ClCompile Include="QuaMFCCCDialog.cpp">
      <Filter>Source Files\MFC\Widget</Filter>
    </ClCompile>
    <ClCompile Include="XBrowseForFolder.cpp">
      <Filter>Source Files\MFC\Widget</Filter>
    </ClCompile>
    <ClCompile Include="MFCArrangerToolBar.cpp">
      <Filter>Source Files\MFC\View</Filter>
    </ClCompile>
    <ClCompile Include="MFCArrangeView.cpp">
      <Filter>Source Files\MFC\View</Filter>
    </ClCompile>
    <ClCompile Include="MFCChannelMountView.cpp">
      <Filter>Source Files\MFC\View</Filter>
    </ClCompile>
    <ClCompile Include="MFCChannelView.cpp">
      <Filter>Source Files\MFC\View</Filter>
    </ClCompile>
    <ClCompile Include="MFCContextView.cpp">
      <Filter>Source Files\MFC\View</Filter>
    </ClCompile>
    <ClCompile Include="MFCDataEditor.cpp">
      <Filter>Source Files\MFC\View</Filter>
    </ClCompile>
    <ClCompile Include="MFCDestinationView.cpp">
      <Filter>Source Files\MFC\View</Filter>
    </ClCompile>
    <ClCompile Include="MFCObjectMountView.cpp">
      <Filter>Source Files\MFC\View</Filter>
    </ClCompile>
    <ClCompile Include="MFCObjectView.cpp">
      <Filter>Source Files\MFC\View</Filter>
    </ClCompile>
    <ClCompile Include="MFCPropertyPages.cpp">
      <Filter>Source Files\MFC\View</Filter>
    </ClCompile>
    <ClCompile Include="MFCQuaContextIndexView.cpp">
      <Filter>Source Files\MFC\View</Filter>
    </ClCompile>
    <ClCompile Include="MFCQuaSymbolIndexView.cpp">
      <Filter>Source Files\MFC\View</Filter>
    </ClCompile>
    <ClCompile Include="MFCQuaTransportBar.cpp">
      <Filter>Source Files\MFC\View</Filter>
    </ClCompile>
    <ClCompile Include="PreferencesPropertySheet.cpp">
      <Filter>Source Files\MFC\View</Filter>
    </ClCompile>
    <ClCompile Include="PreviewWnd.cpp">
      <Filter>Source Files\MFC\View</Filter>
    </ClCompile>
    <ClCompile Include="PropertyFrame.cpp">
      <Filter>Source Files\MFC\View</Filter>
    </ClCompile>
    <ClCompile Include="ChildFrm.cpp">
      <Filter>Source Files\MFC\Main</Filter>
    </ClCompile>
    <ClCompile Include="MainFrm.cpp">
      <Filter>Source Files\MFC\Main</Filter>
    </ClCompile>
    <ClCompile Include="QuaContextMFCDoc.cpp">
      <Filter>Source Files\MFC\Main</Filter>
    </ClCompile>
    <ClCompile Include="QuaContextMFCFrame.cpp">
      <Filter>Source Files\MFC\Main</Filter>
    </ClCompile>
    <ClCompile Include="QuaMFC.cpp">
      <Filter>Source Files\MFC\Main</Filter>
    </ClCompile>
    <ClCompile Include="QuaMFCDoc.cpp">
      <Filter>Source Files\MFC\Main</Filter>
    </ClCompile>
    <ClCompile Include="Splash.cpp">
      <Filter>Source Files\MFC\Main</Filter>
    </ClCompile>
    <ClCompile Include="StdAfx.cpp">
      <Filter>Source Files\MFC\Main</Filter>
    </ClCompile>
    <ClCompile Include="MFCQuaChannelBox.cpp">
      <Filter>Source Files\MFC\Widget</Filter>
    </ClCompile>
    <ClCompile Include="..\globals\BBitmap.cpp">
      <Filter>Source Files\Util</Filter>
    </ClCompile>
    <ClCompile Include="..\globals\Colors.cpp">
      <Filter>Source Files\Util</Filter>
    </ClCompile>
  </ItemGroup>
  <ItemGroup>
    <ResourceCompile Include="QuaMFC.rc">
      <Filter>Source Files\MFC\Main</Filter>
    </ResourceCompile>
  </ItemGroup>
  <ItemGroup>
    <None Include="res\a_draw_ctl.cur">
      <Filter>Resource Files</Filter>
    </None>
    <None Include="res\ar_draw.cur">
      <Filter>Resource Files</Filter>
    </None>
    <None Include="res\ar_point.cur">
      <Filter>Resource Files</Filter>
    </None>
    <None Include="res\ar_point_ctl.cur">
      <Filter>Resource Files</Filter>
    </None>
    <None Include="res\ar_region.cur">
      <Filter>Resource Files</Filter>
    </None>
    <None Include="res\ar_slice.cur">
      <Filter>Resource Files</Filter>
    </None>
    <None Include="res\artool_d.cur">
      <Filter>Resource Files</Filter>
    </None>
    <None Include="res\QuaMFC.rc2">
      <Filter>Resource Files</Filter>
    </None>
  </ItemGroup>
  <ItemGroup>
    <Image Include="res\arranger_tool.bmp">
      <Filter>Resource Files</Filter>
    </Image>
    <Image Include="res\arrow_l_.bmp">
      <Filter>Resource Files</Filter>
    </Image>
    <Image Include="res\arrow_r_sm.bmp">
      <Filter>Resource Files</Filter>
    </Image>
    <Image Include="res\bitmap1.bmp">
      <Filter>Resource Files</Filter>
    </Image>
    <Image Include="res\bmp_min_sm_d.bmp">
      <Filter>Resource Files</Filter>
    </Image>
    <Image Include="res\bmp_min_sm_oe.bmp">
      <Filter>Resource Files</Filter>
    </Image>
    <Image Include="res\bmp00001.bmp">
      <Filter>Resource Files</Filter>
    </Image>
    <Image Include="res\but_blank_sm_d.bmp">
      <Filter>Resource Files</Filter>
    </Image>
    <Image Include="res\but_blank_sm_o.bmp">
      <Filter>Resource Files</Filter>
    </Image>
    <Image Include="res\but_blank_sm_oe.bmp">
      <Filter>Resource Files</Filter>
    </Image>
    <Image Include="res\but_blank_sm_u.bmp">
      <Filter>Resource Files</Filter>
    </Image>
    <Image Include="res\but_blank_sm_ue.bmp">
      <Filter>Resource Files</Filter>
    </Image>
    <Image Include="res\but_lg_d.bmp">
      <Filter>Resource Files</Filter>
    </Image>
    <Image Include="res\but_lg_e.bmp">
      <Filter>Resource Files</Filter>
    </Image>
    <Image Include="res\but_lg_o.bmp">
      <Filter>Resource Files</Filter>
    </Image>
    <Image Include="res\but_lg_u.bmp">
      <Filter>Resource Files</Filter>
    </Image>
    <Image Include="res\but_min_sm_de.bmp">
      <Filter>Resource Files</Filter>
    </Image>
    <Image Include="res\but_min_sm_o.bmp">
      <Filter>Resource Files</Filter>
    </Image>
    <Image Include="res\but_min_sm_u.bmp">
      <Filter>Resource Files</Filter>
    </Image>
    <Image Include="res\but_min_sm_ue.bmp">
      <Filter>Resource Files</Filter>
    </Image>
    <Image Include="res\but_sm_blank_de.bmp">
      <Filter>Resource Files</Filter>
    </Image>
    <Image Include="res\but_sm_d.bmp">
      <Filter>Resource Files</Filter>
    </Image>
    <Image Include="res\but_sm_de.bmp">
      <Filter>Resource Files</Filter>
    </Image>
    <Image Include="res\but_sm_e.bmp">
      <Filter>Resource Files</Filter>
    </Image>
    <Image Include="res\but_sm_o.bmp">
      <Filter>Resource Files</Filter>
    </Image>
    <Image Include="res\but_sm_oe.bmp">
      <Filter>Resource Files</Filter>
    </Image>
    <Image Include="res\but_sm_u.bmp">
      <Filter>Resource Files</Filter>
    </Image>
    <Image Include="res\but_sm_ue.bmp">
      <Filter>Resource Files</Filter>
    </Image>
    <Image Include="res\clip_idx_img.bmp">
      <Filter>Resource Files</Filter>
    </Image>
    <Image Include="res\clsbut_sm.bmp">
      <Filter>Resource Files</Filter>
    </Image>
    <Image Include="res\clsbut_sm_o.bmp">
      <Filter>Resource Files</Filter>
    </Image>
    <Image Include="res\clsbut_sm_u.bmp">
      <Filter>Resource Files</Filter>
    </Image>
    <Image Include="res\ctxt_idx.bmp">
      <Filter>Resource Files</Filter>
    </Image>
    <Image Include="res\ico_sm_aud.bmp">
      <Filter>Resource Files</Filter>
    </Image>
    <Image Include="res\ico_sm_chan.bmp">
      <Filter>Resource Files</Filter>
    </Image>
    <Image Include="res\ico_sm_joy.bmp">
      <Filter>Resource Files</Filter>
    </Image>
    <Image Include="res\ico_sm_m.bmp">
      <Filter>Resource Files</Filter>
    </Image>
    <Image Include="res\ico_sm_mdi.bmp">
      <Filter>Resource Files</Filter>
    </Image>
    <Image Include="res\ico_sm_non.bmp">
      <Filter>Resource Files</Filter>
    </Image>
    <Image Include="res\idr_quam.ico">
      <Filter>Resource Files</Filter>
    </Image>
    <Image Include="res\mdi_ico_sm.bmp">
      <Filter>Resource Files</Filter>
    </Image>
    <Image Include="res\q_parse_state_defer.bmp">
      <Filter>Resource Files</Filter>
    </Image>
    <Image Include="res\q_parse_state_err.bmp">
      <Filter>Resource Files</Filter>
    </Image>
    <Image Include="res\q_parse_state_ok.bmp">
      <Filter>Resource Files</Filter>
    </Image>
    <Image Include="res\QuaMFC.ico">
      <Filter>Resource Files</Filter>
    </Image>
    <Image Include="res\QuaMFCDoc.ico">
      <Filter>Resource Files</Filter>
    </Image>
    <Image Include="res\quamfcty.bmp">
      <Filter>Resource Files</Filter>
    </Image>
    <Image Include="res\rot_sm_k.bmp">
      <Filter>Resource Files</Filter>
    </Image>
    <Image Include="res\sym_idx_.bmp">
      <Filter>Resource Files</Filter>
    </Image>
    <Image Include="res\sym_idx_img.bmp">
      <Filter>Resource Files</Filter>
    </Image>
    <Image Include="res\take_idx.bmp">
      <Filter>Resource Files</Filter>
    </Image>
    <Image Include="res\Toolbar.bmp">
      <Filter>Resource Files</Filter>
    </Image>
    <Image Include="res\toolbar1.bmp">
      <Filter>Resource Files</Filter>
    </Image>
    <Image Include="res\transporter256.bmp">
      <Filter>Resource Files</Filter>
    </Image>
    <Image Include="res\var_idx.bmp">
      <Filter>Resource Files</Filter>
    </Image>
  </ItemGroup>
  <ItemGroup>
    <ClInclude Include="ChildFrm.h">
      <Filter>Header Files\MFC\Main</Filter>
    </ClInclude>
    <ClInclude Include="MainFrm.h">
      <Filter>Header Files\MFC\Main</Filter>
    </ClInclude>
    <ClInclude Include="MFCQuaMessageId.h">
      <Filter>Header Files\MFC\Main</Filter>
    </ClInclude>
    <ClInclude Include="QuaContextMFCDoc.h">
      <Filter>Header Files\MFC\Main</Filter>
    </ClInclude>
    <ClInclude Include="QuaContextMFCFrame.h">
      <Filter>Header Files\MFC\Main</Filter>
    </ClInclude>
    <ClInclude Include="QuaMFC.h">
      <Filter>Header Files\MFC\Main</Filter>
    </ClInclude>
    <ClInclude Include="QuaMFCDoc.h">
      <Filter>Header Files\MFC\Main</Filter>
    </ClInclude>
    <ClInclude Include="QuaMFCView.h">
      <Filter>Header Files\MFC\Main</Filter>
    </ClInclude>
    <ClInclude Include="resource.h">
      <Filter>Header Files\MFC\Main</Filter>
    </ClInclude>
    <ClInclude Include="StdAfx.h">
      <Filter>Header Files\MFC\Main</Filter>
    </ClInclude>
    <ClInclude Include="MFCArrangerToolBar.h">
      <Filter>Header Files\MFC\Widget</Filter>
    </ClInclude>
    <ClInclude Include="MFCArrangeView.h">
      <Filter>Header Files\MFC\Widget</Filter>
    </ClInclude>
    <ClInclude Include="MFCBlockEdit.h">
      <Filter>Header Files\MFC\Widget</Filter>
    </ClInclude>
    <ClInclude Include="MFCChannelMountView.h">
      <Filter>Header Files\MFC\Widget</Filter>
    </ClInclude>
    <ClInclude Include="MFCClipListView.h">
      <Filter>Header Files\MFC\Widget</Filter>
    </ClInclude>
    <ClInclude Include="MFCDestinationView.h">
      <Filter>Header Files\MFC\Widget</Filter>
    </ClInclude>
    <ClInclude Include="MFCDeviceSelector.h">
      <Filter>Header Files\MFC\Widget</Filter>
    </ClInclude>
    <ClInclude Include="MFCObjectMountView.h">
      <Filter>Header Files\MFC\Widget</Filter>
    </ClInclude>
    <ClInclude Include="MFCObjectView.h">
      <Filter>Header Files\MFC\Widget</Filter>
    </ClInclude>
    <ClInclude Include="MFCPropertyPages.h">
      <Filter>Header Files\MFC\Widget</Filter>
    </ClInclude>
    <ClInclude Include="MFCQuaButton.h">
      <Filter>Header Files\MFC\Widget</Filter>
    </ClInclude>
    <ClInclude Include="MFCQuaContextIndexView.h">
      <Filter>Header Files\MFC\Widget</Filter>
    </ClInclude>
    <ClInclude Include="MFCQuaFloatCtrl.h">
      <Filter>Header Files\MFC\Widget</Filter>
    </ClInclude>
    <ClInclude Include="MFCQuaIntCtrl.h">
      <Filter>Header Files\MFC\Widget</Filter>
    </ClInclude>
    <ClInclude Include="MFCQuaListBox.h">
      <Filter>Header Files\MFC\Widget</Filter>
    </ClInclude>
    <ClInclude Include="MFCQuaRotor.h">
      <Filter>Header Files\MFC\Widget</Filter>
    </ClInclude>
    <ClInclude Include="MFCQuaStateDisplay.h">
      <Filter>Header Files\MFC\Widget</Filter>
    </ClInclude>
    <ClInclude Include="MFCQuaSymbolIndexView.h">
      <Filter>Header Files\MFC\Widget</Filter>
    </ClInclude>
    <ClInclude Include="MFCQuaTextCtrl.h">
      <Filter>Header Files\MFC\Widget</Filter>
    </ClInclude>
    <ClInclude Include="MFCQuaTimeCtrl.h">
      <Filter>Header Files\MFC\Widget</Filter>
    </ClInclude>
    <ClInclude Include="MFCQuaTransportBar.h">
      <Filter>Header Files\MFC\Widget</Filter>
    </ClInclude>
    <ClInclude Include="MFCSampleDataEditor.h">
      <Filter>Header Files\MFC\Widget</Filter>
    </ClInclude>
    <ClInclude Include="MFCSimpleTypeView.h">
      <Filter>Header Files\MFC\Widget</Filter>
    </ClInclude>
    <ClInclude Include="MFCStreamDataEditor.h">
      <Filter>Header Files\MFC\Widget</Filter>
    </ClInclude>
    <ClInclude Include="MFCTakeListView.h">
      <Filter>Header Files\MFC\Widget</Filter>
    </ClInclude>
    <ClInclude Include="PreferencesPropertySheet.h">
      <Filter>Header Files\MFC\Widget</Filter>
    </ClInclude>
    <ClInclude Include="PreviewWnd.h">
      <Filter>Header Files\MFC\Widget</Filter>
    </ClInclude>
    <ClInclude Include="PropertyFrame.h">
      <Filter>Header Files\MFC\Widget</Filter>
    </ClInclude>
    <ClInclude Include="QuaDrop.h">
      <Filter>Header Files\MFC\Widget</Filter>
    </ClInclude>
    <ClInclude Include="QuaMainTransportView.h">
      <Filter>Header Files\MFC\Widget</Filter>
    </ClInclude>
    <ClInclude Include="Splash.h">
      <Filter>Header Files\MFC\Widget</Filter>
    </ClInclude>
    <ClInclude Include="ErrDialog.h">
      <Filter>Header Files</Filter>
    </ClInclude>
    <ClInclude Include="QuaMFCCCDialog.h">
      <Filter>Header Files</Filter>
    </ClInclude>
    <ClInclude Include="..\globals\BRect.h">
      <Filter>Header Files\Util</Filter>
    </ClInclude>
    <ClInclude Include="..\globals\Colors.h">
      <Filter>Header Files\Util</Filter>
    </ClInclude>
    <ClInclude Include="..\globals\MemDC.h">
      <Filter>Header Files\Util</Filter>
    </ClInclude>
    <ClInclude Include="..\globals\BBitmap.h">
      <Filter>Header Files\Util</Filter>
    </ClInclude>
    <ClInclude Include="MFCQuaChannelBox.h">
      <Filter>Header Files\MFC\Widget</Filter>
    </ClInclude>
    <ClInclude Include="QuaMFCGlobal.h">
      <Filter>Source Files\MFC\Main</Filter>
    </ClInclude>
  </ItemGroup>
</Project>